
Microsoft Visual Studio Solution File, Format Version 12.00
# Visual Studio 15
VisualStudioVersion = 15.0.28307.902
MinimumVisualStudioVersion = 10.0.40219.1
Project("{9A19103F-16F7-4668-BE54-9A1E7A4F7556}") = "NoyauTP", "NoyauTP\NoyauTP.csproj", "{12989ACD-02FB-42D4-937E-50C7B0984965}"
EndProject
Project("{9A19103F-16F7-4668-BE54-9A1E7A4F7556}") = "Benchmark", "Benchmark\Benchmark.csproj", "{FE5242DE-5EF7-4AE2-950B-AC85BFAAE91B}"
EndProject
Project("{9A19103F-16F7-4668-BE54-9A1E7A4F7556}") = "Liensdansants", "Liensdansants\Liensdansants.csproj", "{6C108CAA-376E-420D-A766-5BF8A619CF55}"
EndProject
Project("{9A19103F-16F7-4668-BE54-9A1E7A4F7556}") = "Solver_algo_genetic", "Solver_algo_genetic\Solver_algo_genetic.csproj", "{F8A98E26-C5E4-45B6-BDD2-FE83601AF187}"
EndProject
Project("{9A19103F-16F7-4668-BE54-9A1E7A4F7556}") = "SolverNeuralNet", "SolverNeuralNet\SolverNeuralNet.csproj", "{790EC9C3-42A0-42A7-8968-2160B38B8B69}"
EndProject
Global
	GlobalSection(SolutionConfigurationPlatforms) = preSolution
		Debug|Any CPU = Debug|Any CPU
		Release|Any CPU = Release|Any CPU
	EndGlobalSection
	GlobalSection(ProjectConfigurationPlatforms) = postSolution
		{12989ACD-02FB-42D4-937E-50C7B0984965}.Debug|Any CPU.ActiveCfg = Debug|Any CPU
		{12989ACD-02FB-42D4-937E-50C7B0984965}.Debug|Any CPU.Build.0 = Debug|Any CPU
		{12989ACD-02FB-42D4-937E-50C7B0984965}.Release|Any CPU.ActiveCfg = Release|Any CPU
		{12989ACD-02FB-42D4-937E-50C7B0984965}.Release|Any CPU.Build.0 = Release|Any CPU
		{FE5242DE-5EF7-4AE2-950B-AC85BFAAE91B}.Debug|Any CPU.ActiveCfg = Debug|Any CPU
		{FE5242DE-5EF7-4AE2-950B-AC85BFAAE91B}.Debug|Any CPU.Build.0 = Debug|Any CPU
		{FE5242DE-5EF7-4AE2-950B-AC85BFAAE91B}.Release|Any CPU.ActiveCfg = Release|Any CPU
		{FE5242DE-5EF7-4AE2-950B-AC85BFAAE91B}.Release|Any CPU.Build.0 = Release|Any CPU
		{6C108CAA-376E-420D-A766-5BF8A619CF55}.Debug|Any CPU.ActiveCfg = Debug|Any CPU
		{6C108CAA-376E-420D-A766-5BF8A619CF55}.Debug|Any CPU.Build.0 = Debug|Any CPU
		{6C108CAA-376E-420D-A766-5BF8A619CF55}.Release|Any CPU.ActiveCfg = Release|Any CPU
		{6C108CAA-376E-420D-A766-5BF8A619CF55}.Release|Any CPU.Build.0 = Release|Any CPU
		{F8A98E26-C5E4-45B6-BDD2-FE83601AF187}.Debug|Any CPU.ActiveCfg = Debug|Any CPU
		{F8A98E26-C5E4-45B6-BDD2-FE83601AF187}.Debug|Any CPU.Build.0 = Debug|Any CPU
		{F8A98E26-C5E4-45B6-BDD2-FE83601AF187}.Release|Any CPU.ActiveCfg = Release|Any CPU
		{F8A98E26-C5E4-45B6-BDD2-FE83601AF187}.Release|Any CPU.Build.0 = Release|Any CPU
		{790EC9C3-42A0-42A7-8968-2160B38B8B69}.Debug|Any CPU.ActiveCfg = Debug|Any CPU
		{790EC9C3-42A0-42A7-8968-2160B38B8B69}.Debug|Any CPU.Build.0 = Debug|Any CPU
		{790EC9C3-42A0-42A7-8968-2160B38B8B69}.Release|Any CPU.ActiveCfg = Release|Any CPU
		{790EC9C3-42A0-42A7-8968-2160B38B8B69}.Release|Any CPU.Build.0 = Release|Any CPU
	EndGlobalSection
	GlobalSection(SolutionProperties) = preSolution
		HideSolutionNode = FALSE
	EndGlobalSection
	GlobalSection(ExtensibilityGlobals) = postSolution
		SolutionGuid = {A87E8EA4-E47B-4D12-991F-DB6B7B705889}
	EndGlobalSection
EndGlobal
